// !$*UTF8*$!
{
	archiveVersion = 1;
	classes = {
	};
	objectVersion = 48;
	objects = {

/* Begin PBXBuildFile section */
		628A5BF21FAB78B100693EB4 /* AppDelegate.swift in Sources */ = {isa = PBXBuildFile; fileRef = 628A5BF11FAB78B100693EB4 /* AppDelegate.swift */; };
		628A5BF41FAB78B100693EB4 /* ViewController.swift in Sources */ = {isa = PBXBuildFile; fileRef = 628A5BF31FAB78B100693EB4 /* ViewController.swift */; };
		628A5BF71FAB78B100693EB4 /* Main.storyboard in Resources */ = {isa = PBXBuildFile; fileRef = 628A5BF51FAB78B100693EB4 /* Main.storyboard */; };
		628A5BF91FAB78B100693EB4 /* Assets.xcassets in Resources */ = {isa = PBXBuildFile; fileRef = 628A5BF81FAB78B100693EB4 /* Assets.xcassets */; };
		628A5BFC1FAB78B100693EB4 /* LaunchScreen.storyboard in Resources */ = {isa = PBXBuildFile; fileRef = 628A5BFA1FAB78B100693EB4 /* LaunchScreen.storyboard */; };
/* End PBXBuildFile section */

/* Begin PBXFileReference section */
		628A5BEE1FAB78B100693EB4 /* Udemy_Outlet.app */ = {isa = PBXFileReference; explicitFileType = wrapper.application; includeInIndex = 0; path = Udemy_Outlet.app; sourceTree = BUILT_PRODUCTS_DIR; };
		628A5BF11FAB78B100693EB4 /* AppDelegate.swift */ = {isa = PBXFileReference; lastKnownFileType = sourcecode.swift; path = AppDelegate.swift; sourceTree = "<group>"; };
		628A5BF31FAB78B100693EB4 /* ViewController.swift */ = {isa = PBXFileReference; lastKnownFileType = sourcecode.swift; path = ViewController.swift; sourceTree = "<group>"; };
		628A5BF61FAB78B100693EB4 /* Base */ = {isa = PBXFileReference; lastKnownFileType = file.storyboard; name = Base; path = Base.lproj/Main.storyboard; sourceTree = "<group>"; };
		628A5BF81FAB78B100693EB4 /* Assets.xcassets */ = {isa = PBXFileReference; lastKnownFileType = folder.assetcatalog; path = Assets.xcassets; sourceTree = "<group>"; };
		628A5BFB1FAB78B100693EB4 /* Base */ = {isa = PBXFileReference; lastKnownFileType = file.storyboard; name = Base; path = Base.lproj/LaunchScreen.storyboard; sourceTree = "<group>"; };
		628A5BFD1FAB78B100693EB4 /* Info.plist */ = {isa = PBXFileReference; lastKnownFileType = text.plist.xml; path = Info.plist; sourceTree = "<group>"; };
/* End PBXFileReference section */

/* Begin PBXFrameworksBuildPhase section */
		628A5BEB1FAB78B000693EB4 /* Frameworks */ = {
			isa = PBXFrameworksBuildPhase;
			buildActionMask = 2147483647;
			files = (
			);
			runOnlyForDeploymentPostprocessing = 0;
		};
/* End PBXFrameworksBuildPhase section */

/* Begin PBXGroup section */
		628A5BE51FAB78B000693EB4 = {
			isa = PBXGroup;
			children = (
				628A5BF01FAB78B100693EB4 /* Udemy_Outlet */,
				628A5BEF1FAB78B100693EB4 /* Products */,
			);
			sourceTree = "<group>";
		};
		628A5BEF1FAB78B100693EB4 /* Products */ = {
			isa = PBXGroup;
			children = (
				628A5BEE1FAB78B100693EB4 /* Udemy_Outlet.app */,
			);
			name = Products;
			sourceTree = "<group>";
		};
		628A5BF01FAB78B100693EB4 /* Udemy_Outlet */ = {
			isa = PBXGroup;
			children = (
				628A5BF11FAB78B100693EB4 /* AppDelegate.swift */,
				628A5BF31FAB78B100693EB4 /* ViewController.swift */,
				628A5BF51FAB78B100693EB4 /* Main.storyboard */,
				628A5BF81FAB78B100693EB4 /* Assets.xcassets */,
				628A5BFA1FAB78B100693EB4 /* LaunchScreen.storyboard */,
				628A5BFD1FAB78B100693EB4 /* Info.plist */,
			);
			path = Udemy_Outlet;
			sourceTree = "<group>";
		};
/* End PBXGroup section */

/* Begin PBXNativeTarget section */
		628A5BED1FAB78B000693EB4 /* Udemy_Outlet */ = {
			isa = PBXNativeTarget;
			buildConfigurationList = 628A5C001FAB78B100693EB4 /* Build configuration list for PBXNativeTarget "Udemy_Outlet" */;
			buildPhases = (
				628A5BEA1FAB78B000693EB4 /* Sources */,
				628A5BEB1FAB78B000693EB4 /* Frameworks */,
				628A5BEC1FAB78B000693EB4 /* Resources */,
			);
			buildRules = (
			);
			dependencies = (
			);
			name = Udemy_Outlet;
			productName = Udemy_Outlet;
			productReference = 628A5BEE1FAB78B100693EB4 /* Udemy_Outlet.app */;
			productType = "com.apple.product-type.application";
		};
/* End PBXNativeTarget section */

/* Begin PBXProject section */
		628A5BE61FAB78B000693EB4 /* Project object */ = {
			isa = PBXProject;
			attributes = {
				LastSwiftUpdateCheck = 0910;
				LastUpgradeCheck = 0910;
				ORGANIZATIONNAME = Shamil;
				TargetAttributes = {
					628A5BED1FAB78B000693EB4 = {
						CreatedOnToolsVersion = 9.1;
						ProvisioningStyle = Automatic;
					};
				};
			};
			buildConfigurationList = 628A5BE91FAB78B000693EB4 /* Build configuration list for PBXProject "Udemy_Outlet" */;
			compatibilityVersion = "Xcode 8.0";
			developmentRegion = en;
			hasScannedForEncodings = 0;
			knownRegions = (
				en,
				Base,
			);
			mainGroup = 628A5BE51FAB78B000693EB4;
			productRefGroup = 628A5BEF1FAB78B100693EB4 /* Products */;
			projectDirPath = "";
			projectRoot = "";
			targets = (
				628A5BED1FAB78B000693EB4 /* Udemy_Outlet */,
			);
		};
/* End PBXProject section */

/* Begin PBXResourcesBuildPhase section */
		628A5BEC1FAB78B000693EB4 /* Resources */ = {
			isa = PBXResourcesBuildPhase;
			buildActionMask = 2147483647;
			files = (
				628A5BFC1FAB78B100693EB4 /* LaunchScreen.storyboard in Resources */,
				628A5BF91FAB78B100693EB4 /* Assets.xcassets in Resources */,
				628A5BF71FAB78B100693EB4 /* Main.storyboard in Resources */,
			);
			runOnlyForDeploymentPostprocessing = 0;
		};
/* End PBXResourcesBuildPhase section */

/* Begin PBXSourcesBuildPhase section */
		628A5BEA1FAB78B000693EB4 /* Sources */ = {
			isa = PBXSourcesBuildPhase;
			buildActionMask = 2147483647;
			files = (
				628A5BF41FAB78B100693EB4 /* ViewController.swift in Sources */,
				628A5BF21FAB78B100693EB4 /* AppDelegate.swift in Sources */,
			);
			runOnlyForDeploymentPostprocessing = 0;
		};
/* End PBXSourcesBuildPhase section */

/* Begin PBXVariantGroup section */
		628A5BF51FAB78B100693EB4 /* Main.storyboard */ = {
			isa = PBXVariantGroup;
			children = (
				628A5BF61FAB78B100693EB4 /* Base */,
			);
			name = Main.storyboard;
			sourceTree = "<group>";
		};
		628A5BFA1FAB78B100693EB4 /* LaunchScreen.storyboard */ = {
			isa = PBXVariantGroup;
			children = (
				628A5BFB1FAB78B100693EB4 /* Base */,
			);
			name = LaunchScreen.storyboard;
			sourceTree = "<group>";
		};
/* End PBXVariantGroup section */

/* Begin XCBuildConfiguration section */
		628A5BFE1FAB78B100693EB4 /* Debug */ = {
			isa = XCBuildConfiguration;
			buildSettings = {
				ALWAYS_SEARCH_USER_PATHS = NO;
				CLANG_ANALYZER_NONNULL = YES;
				CLANG_ANALYZER_NUMBER_OBJECT_CONVERSION = YES_AGGRESSIVE;
				CLANG_CXX_LANGUAGE_STANDARD = "gnu++14";
				CLANG_CXX_LIBRARY = "libc++";
				CLANG_ENABLE_MODULES = YES;
				CLANG_ENABLE_OBJC_ARC = YES;
				CLANG_WARN_BLOCK_CAPTURE_AUTORELEASING = YES;
				CLANG_WARN_BOOL_CONVERSION = YES;
				CLANG_WARN_COMMA = YES;
				CLANG_WARN_CONSTANT_CONVERSION = YES;
				CLANG_WARN_DIRECT_OBJC_ISA_USAGE = YES_ERROR;
				CLANG_WARN_DOCUMENTATION_COMMENTS = YES;
				CLANG_WARN_EMPTY_BODY = YES;
				CLANG_WARN_ENUM_CONVERSION = YES;
				CLANG_WARN_INFINITE_RECURSION = YES;
				CLANG_WARN_INT_CONVERSION = YES;
				CLANG_WARN_NON_LITERAL_NULL_CONVERSION = YES;
				CLANG_WARN_OBJC_LITERAL_CONVERSION = YES;
				CLANG_WARN_OBJC_ROOT_CLASS = YES_ERROR;
				CLANG_WARN_RANGE_LOOP_ANALYSIS = YES;
				CLANG_WARN_STRICT_PROTOTYPES = YES;
				CLANG_WARN_SUSPICIOUS_MOVE = YES;
				CLANG_WARN_UNGUARDED_AVAILABILITY = YES_AGGRESSIVE;
				CLANG_WARN_UNREACHABLE_CODE = YES;
				CLANG_WARN__DUPLICATE_METHOD_MATCH = YES;
				CODE_SIGN_IDENTITY = "iPhone Developer";
				COPY_PHASE_STRIP = NO;
				DEBUG_INFORMATION_FORMAT = dwarf;
				ENABLE_STRICT_OBJC_MSGSEND = YES;
				ENABLE_TESTABILITY = YES;
				GCC_C_LANGUAGE_STANDARD = gnu11;
				GCC_DYNAMIC_NO_PIC = NO;
				GCC_NO_COMMON_BLOCKS = YES;
				GCC_OPTIMIZATION_LEVEL = 0;
				GCC_PREPROCESSOR_DEFINITIONS = (
					"DEBUG=1",
					"$(inherited)",
				);
				GCC_WARN_64_TO_32_BIT_CONVERSION = YES;
				GCC_WARN_ABOUT_RETURN_TYPE = YES_ERROR;
				GCC_WARN_UNDECLARED_SELECTOR = YES;
				GCC_WARN_UNINITIALIZED_AUTOS = YES_AGGRESSIVE;
				GCC_WARN_UNUSED_FUNCTION = YES;
				GCC_WARN_UNUSED_VARIABLE = YES;
				IPHONEOS_DEPLOYMENT_TARGET = 11.1;
				MTL_ENABLE_DEBUG_INFO = YES;
				ONLY_ACTIVE_ARCH = YES;
				SDKROOT = iphoneos;
				SWIFT_ACTIVE_COMPILATION_CONDITIONS = DEBUG;
				SWIFT_OPTIMIZATION_LEVEL = "-Onone";
			};
			name = Debug;
		};
		628A5BFF1FAB78B100693EB4 /* Release */ = {
			isa = XCBuildConfiguration;
			buildSettings = {
				ALWAYS_SEARCH_USER_PATHS = NO;
				CLANG_ANALYZER_NONNULL = YES;
				CLANG_ANALYZER_NUMBER_OBJECT_CONVERSION = YES_AGGRESSIVE;
				CLANG_CXX_LANGUAGE_STANDARD = "gnu++14";
				CLANG_CXX_LIBRARY = "libc++";
				CLANG_ENABLE_MODULES = YES;
				CLANG_ENABLE_OBJC_ARC = YES;
				CLANG_WARN_BLOCK_CAPTURE_AUTORELEASING = YES;
				CLANG_WARN_BOOL_CONVERSION = YES;
				CLANG_WARN_COMMA = YES;
				CLANG_WARN_CONSTANT_CONVERSION = YES;
				CLANG_WARN_DIRECT_OBJC_ISA_USAGE = YES_ERROR;
				CLANG_WARN_DOCUMENTATION_COMMENTS = YES;
				CLANG_WARN_EMPTY_BODY = YES;
				CLANG_WARN_ENUM_CONVERSION = YES;
				CLANG_WARN_INFINITE_RECURSION = YES;
				CLANG_WARN_INT_CONVERSION = YES;
				CLANG_WARN_NON_LITERAL_NULL_CONVERSION = YES;
				CLANG_WARN_OBJC_LITERAL_CONVERSION = YES;
				CLANG_WARN_OBJC_ROOT_CLASS = YES_ERROR;
				CLANG_WARN_RANGE_LOOP_ANALYSIS = YES;
				CLANG_WARN_STRICT_PROTOTYPES = YES;
				CLANG_WARN_SUSPICIOUS_MOVE = YES;
				CLANG_WARN_UNGUARDED_AVAILABILITY = YES_AGGRESSIVE;
				CLANG_WARN_UNREACHABLE_CODE = YES;
				CLANG_WARN__DUPLICATE_METHOD_MATCH = YES;
				CODE_SIGN_IDENTITY = "iPhone Developer";
				COPY_PHASE_STRIP = NO;
				DEBUG_INFORMATION_FORMAT = "dwarf-with-dsym";
				ENABLE_NS_ASSERTIONS = NO;
				ENABLE_STRICT_OBJC_MSGSEND = YES;
				GCC_C_LANGUAGE_STANDARD = gnu11;
				GCC_NO_COMMON_BLOCKS = YES;
				GCC_WARN_64_TO_32_BIT_CONVERSION = YES;
				GCC_WARN_ABOUT_RETURN_TYPE = YES_ERROR;
				GCC_WARN_UNDECLARED_SELECTOR = YES;
				GCC_WARN_UNINITIALIZED_AUTOS = YES_AGGRESSIVE;
				GCC_WARN_UNUSED_FUNCTION = YES;
				GCC_WARN_UNUSED_VARIABLE = YES;
				IPHONEOS_DEPLOYMENT_TARGET = 11.1;
				MTL_ENABLE_DEBUG_INFO = NO;
				SDKROOT = iphoneos;
				SWIFT_OPTIMIZATION_LEVEL = "-Owholemodule";
				VALIDATE_PRODUCT = YES;
			};
			name = Release;
		};
		628A5C011FAB78B100693EB4 /* Debug */ = {
			isa = XCBuildConfiguration;
			buildSettings = {
				ASSETCATALOG_COMPILER_APPICON_NAME = AppIcon;
				CODE_SIGN_STYLE = Automatic;
				INFOPLIST_FILE = Udemy_Outlet/Info.plist;
				LD_RUNPATH_SEARCH_PATHS = "$(inherited) @executable_path/Frameworks";
				PRODUCT_BUNDLE_IDENTIFIER = "com.Shamil.Udemy-Outlet";
				PRODUCT_NAME = "$(TARGET_NAME)";
				SWIFT_VERSION = 4.0;
				TARGETED_DEVICE_FAMILY = "1,2";
			};
			name = Debug;
		};
		628A5C021FAB78B100693EB4 /* Release */ = {
			isa = XCBuildConfiguration;
			buildSettings = {
				ASSETCATALOG_COMPILER_APPICON_NAME = AppIcon;
				CODE_SIGN_STYLE = Automatic;
				INFOPLIST_FILE = Udemy_Outlet/Info.plist;
				LD_RUNPATH_SEARCH_PATHS = "$(inherited) @executable_path/Frameworks";
				PRODUCT_BUNDLE_IDENTIFIER = "com.Shamil.Udemy-Outlet";
				PRODUCT_NAME = "$(TARGET_NAME)";
				SWIFT_VERSION = 4.0;
				TARGETED_DEVICE_FAMILY = "1,2";
			};
			name = Release;
		};
/* End XCBuildConfiguration section */

/* Begin XCConfigurationList section */
		628A5BE91FAB78B000693EB4 /* Build configuration list for PBXProject "Udemy_Outlet" */ = {
			isa = XCConfigurationList;
			buildConfigurations = (
				628A5BFE1FAB78B100693EB4 /* Debug */,
				628A5BFF1FAB78B100693EB4 /* Release */,
			);
			defaultConfigurationIsVisible = 0;
			defaultConfigurationName = Release;
		};
		628A5C001FAB78B100693EB4 /* Build configuration list for PBXNativeTarget "Udemy_Outlet" */ = {
			isa = XCConfigurationList;
			buildConfigurations = (
				628A5C011FAB78B100693EB4 /* Debug */,
				628A5C021FAB78B100693EB4 /* Release */,
			);
			defaultConfigurationIsVisible = 0;
			defaultConfigurationName = Release;
		};
/* End XCConfigurationList section */
	};
	rootObject = 628A5BE61FAB78B000693EB4 /* Project object */;
}
